
Microsoft Visual Studio Solution File, Format Version 12.00
# Visual Studio 15
VisualStudioVersion = 15.0.27130.2027
MinimumVisualStudioVersion = 10.0.40219.1
Project("{9A19103F-16F7-4668-BE54-9A1E7A4F7556}") = "Apollo_IL", "source\Apollo-IL\Apollo_IL.csproj", "{18D733AB-945B-4CB4-BEEE-BB700A96EC10}"
EndProject
Global
	GlobalSection(SolutionConfigurationPlatforms) = preSolution
		Debug|Any CPU = Debug|Any CPU
		Release|Any CPU = Release|Any CPU
	EndGlobalSection
	GlobalSection(ProjectConfigurationPlatforms) = postSolution
		{18D733AB-945B-4CB4-BEEE-BB700A96EC10}.Debug|Any CPU.ActiveCfg = Debug|Any CPU
		{18D733AB-945B-4CB4-BEEE-BB700A96EC10}.Debug|Any CPU.Build.0 = Debug|Any CPU
		{18D733AB-945B-4CB4-BEEE-BB700A96EC10}.Release|Any CPU.ActiveCfg = Release|Any CPU
		{18D733AB-945B-4CB4-BEEE-BB700A96EC10}.Release|Any CPU.Build.0 = Release|Any CPU
	EndGlobalSection
	GlobalSection(SolutionProperties) = preSolution
		HideSolutionNode = FALSE
	EndGlobalSection
	GlobalSection(ExtensibilityGlobals) = postSolution
		SolutionGuid = {2A595426-F066-4FC6-BBAF-F1C7B6586D5F}
	EndGlobalSection
EndGlobal
