Microsoft Visual Studio Solution File, Format Version 12.00
# Visual Studio 15
VisualStudioVersion = 15.0.27130.2027
MinimumVisualStudioVersion = 10.0.40219.1
Project("{9A19103F-16F7-4668-BE54-9A1E7A4F7556}") = "Apollo_IL", "source\Apollo-VM\Apollo_IL.csproj", "{F2C5086A-4D10-4A00-82B9-173D7496249E}"
EndProject
Project("{9A19103F-16F7-4668-BE54-9A1E7A4F7556}") = "AIL-Runtime", "source\AIL-Runtime\AIL-Runtime.csproj", "{381E5440-C1CF-410C-B802-514C7CFFD3FA}"
EndProject
Global
	GlobalSection(SolutionConfigurationPlatforms) = preSolution
		Debug|Any CPU = Debug|Any CPU
		Release|Any CPU = Release|Any CPU
	EndGlobalSection
	GlobalSection(ProjectConfigurationPlatforms) = postSolution
		{F2C5086A-4D10-4A00-82B9-173D7496249E}.Debug|Any CPU.ActiveCfg = Debug|Any CPU
		{F2C5086A-4D10-4A00-82B9-173D7496249E}.Debug|Any CPU.Build.0 = Debug|Any CPU
		{F2C5086A-4D10-4A00-82B9-173D7496249E}.Release|Any CPU.ActiveCfg = Release|Any CPU
		{F2C5086A-4D10-4A00-82B9-173D7496249E}.Release|Any CPU.Build.0 = Release|Any CPU
		{381E5440-C1CF-410C-B802-514C7CFFD3FA}.Debug|Any CPU.ActiveCfg = Debug|Any CPU
		{381E5440-C1CF-410C-B802-514C7CFFD3FA}.Debug|Any CPU.Build.0 = Debug|Any CPU
		{381E5440-C1CF-410C-B802-514C7CFFD3FA}.Release|Any CPU.ActiveCfg = Release|Any CPU
		{381E5440-C1CF-410C-B802-514C7CFFD3FA}.Release|Any CPU.Build.0 = Release|Any CPU
	EndGlobalSection
	GlobalSection(SolutionProperties) = preSolution
		HideSolutionNode = FALSE
	EndGlobalSection
	GlobalSection(ExtensibilityGlobals) = postSolution
		SolutionGuid = {2A595426-F066-4FC6-BBAF-F1C7B6586D5F}
	EndGlobalSection
	GlobalSection(AvalonStudioProperties) = preSolution
		StartupItem = {7CF0DFB9-9D19-4B8F-A664-00A3255A615D}
	EndGlobalSection
EndGlobal
